
Microsoft Visual Studio Solution File, Format Version 12.00
# Visual Studio 15
VisualStudioVersion = 15.0.28010.2041
MinimumVisualStudioVersion = 10.0.40219.1
Project("{9A19103F-16F7-4668-BE54-9A1E7A4F7556}") = "D20DotNet.Base", "src\D20DotNet.Base\D20DotNet.Base.csproj", "{49CE90AE-82DA-4710-9659-D8E41BB99DFF}"
EndProject
Project("{FAE04EC0-301F-11D3-BF4B-00C04F79EFBC}") = "D20DotNet.Base.Tests", "tests\D20DotNet.Base.Tests\D20DotNet.Base.Tests.csproj", "{726DBE74-747C-474A-A8DA-9376B4E72502}"
EndProject
Project("{FAE04EC0-301F-11D3-BF4B-00C04F79EFBC}") = "D20DotNet.DMDashboard", "src\D20DotNet.DMDashboard\D20DotNet.DMDashboard.csproj", "{0C0F7A82-E039-4F07-9503-F4B9D468DFF9}"
EndProject
Global
	GlobalSection(SolutionConfigurationPlatforms) = preSolution
		Debug|Any CPU = Debug|Any CPU
		Release|Any CPU = Release|Any CPU
	EndGlobalSection
	GlobalSection(ProjectConfigurationPlatforms) = postSolution
		{49CE90AE-82DA-4710-9659-D8E41BB99DFF}.Debug|Any CPU.ActiveCfg = Debug|Any CPU
		{49CE90AE-82DA-4710-9659-D8E41BB99DFF}.Debug|Any CPU.Build.0 = Debug|Any CPU
		{49CE90AE-82DA-4710-9659-D8E41BB99DFF}.Release|Any CPU.ActiveCfg = Release|Any CPU
		{49CE90AE-82DA-4710-9659-D8E41BB99DFF}.Release|Any CPU.Build.0 = Release|Any CPU
		{726DBE74-747C-474A-A8DA-9376B4E72502}.Debug|Any CPU.ActiveCfg = Debug|Any CPU
		{726DBE74-747C-474A-A8DA-9376B4E72502}.Debug|Any CPU.Build.0 = Debug|Any CPU
		{726DBE74-747C-474A-A8DA-9376B4E72502}.Release|Any CPU.ActiveCfg = Release|Any CPU
		{726DBE74-747C-474A-A8DA-9376B4E72502}.Release|Any CPU.Build.0 = Release|Any CPU
		{0C0F7A82-E039-4F07-9503-F4B9D468DFF9}.Debug|Any CPU.ActiveCfg = Debug|Any CPU
		{0C0F7A82-E039-4F07-9503-F4B9D468DFF9}.Debug|Any CPU.Build.0 = Debug|Any CPU
		{0C0F7A82-E039-4F07-9503-F4B9D468DFF9}.Release|Any CPU.ActiveCfg = Release|Any CPU
		{0C0F7A82-E039-4F07-9503-F4B9D468DFF9}.Release|Any CPU.Build.0 = Release|Any CPU
	EndGlobalSection
	GlobalSection(SolutionProperties) = preSolution
		HideSolutionNode = FALSE
	EndGlobalSection
	GlobalSection(ExtensibilityGlobals) = postSolution
		SolutionGuid = {FB8F5EDB-105F-4B78-A8A1-7E330935D83E}
	EndGlobalSection
EndGlobal
